
Microsoft Visual Studio Solution File, Format Version 12.00
# Visual Studio Version 17
VisualStudioVersion = 17.2.32602.215
MinimumVisualStudioVersion = 10.0.40219.1
Project("{FAE04EC0-301F-11D3-BF4B-00C04F79EFBC}") = "WebFormsDashboard_CustomSchemaProvider", "WebFormsDashboard_CustomSchemaProvider\WebFormsDashboard_CustomSchemaProvider.csproj", "{E588F21B-2E8F-4EE5-8616-C4F12FB21FE5}"
EndProject
Global
	GlobalSection(SolutionConfigurationPlatforms) = preSolution
		Debug|Any CPU = Debug|Any CPU
		Release|Any CPU = Release|Any CPU
	EndGlobalSection
	GlobalSection(ProjectConfigurationPlatforms) = postSolution
		{E588F21B-2E8F-4EE5-8616-C4F12FB21FE5}.Debug|Any CPU.ActiveCfg = Debug|Any CPU
		{E588F21B-2E8F-4EE5-8616-C4F12FB21FE5}.Debug|Any CPU.Build.0 = Debug|Any CPU
		{E588F21B-2E8F-4EE5-8616-C4F12FB21FE5}.Release|Any CPU.ActiveCfg = Release|Any CPU
		{E588F21B-2E8F-4EE5-8616-C4F12FB21FE5}.Release|Any CPU.Build.0 = Release|Any CPU
	EndGlobalSection
	GlobalSection(SolutionProperties) = preSolution
		HideSolutionNode = FALSE
	EndGlobalSection
	GlobalSection(ExtensibilityGlobals) = postSolution
		SolutionGuid = {7E0520B3-9F6D-431F-AFC6-51A4EB6FA190}
	EndGlobalSection
EndGlobal
